
Microsoft Visual Studio Solution File, Format Version 12.00
# Visual Studio Version 16
VisualStudioVersion = 16.0.30523.141
MinimumVisualStudioVersion = 10.0.40219.1
Project("{FAE04EC0-301F-11D3-BF4B-00C04F79EFBC}") = "WebAPI", "WebAPI\WebAPI.csproj", "{582FB405-70EE-4CB2-B728-3A1344904581}"
EndProject
Project("{2150E333-8FDC-42A3-9474-1A3956D46DE8}") = "DAL", "DAL", "{48F0D87D-041D-48E1-BD45-EF95BD44CC60}"
EndProject
Project("{2150E333-8FDC-42A3-9474-1A3956D46DE8}") = "BLL", "BLL", "{E1949B3E-B71B-4CBD-A198-813EBAFC75E0}"
EndProject
Project("{FAE04EC0-301F-11D3-BF4B-00C04F79EFBC}") = "BLL.DTO", "BLL.DTO\BLL.DTO.csproj", "{63F6F434-7BDD-4CE3-B925-5DA982C76769}"
EndProject
Project("{FAE04EC0-301F-11D3-BF4B-00C04F79EFBC}") = "BLL.Interfaces", "BLL.Interfaces\BLL.Interfaces.csproj", "{563D5585-EB1F-4801-9D52-5590DD93A3E9}"
EndProject
Project("{FAE04EC0-301F-11D3-BF4B-00C04F79EFBC}") = "BLL.Infrastructure", "BLL.Infrastructure\BLL.Infrastructure.csproj", "{B263F0C0-0C84-4E27-9084-BE44A93ACD57}"
EndProject
Project("{FAE04EC0-301F-11D3-BF4B-00C04F79EFBC}") = "DAL.Domain", "DAL.Domain\DAL.Domain.csproj", "{81157078-84E8-4886-A31A-F6B32329403F}"
EndProject
Project("{FAE04EC0-301F-11D3-BF4B-00C04F79EFBC}") = "DAL.EF", "DAL.EF\DAL.EF.csproj", "{8A59382F-BDEE-4899-97A5-7931169BDF6D}"
EndProject
Project("{FAE04EC0-301F-11D3-BF4B-00C04F79EFBC}") = "DAL.Interfaces", "DAL.Interfaces\DAL.Interfaces.csproj", "{9E8DD95B-5554-4B1E-A0A5-0C9CAE0AB820}"
EndProject
Global
	GlobalSection(SolutionConfigurationPlatforms) = preSolution
		Debug|Any CPU = Debug|Any CPU
		Release|Any CPU = Release|Any CPU
	EndGlobalSection
	GlobalSection(ProjectConfigurationPlatforms) = postSolution
		{582FB405-70EE-4CB2-B728-3A1344904581}.Debug|Any CPU.ActiveCfg = Debug|Any CPU
		{582FB405-70EE-4CB2-B728-3A1344904581}.Debug|Any CPU.Build.0 = Debug|Any CPU
		{582FB405-70EE-4CB2-B728-3A1344904581}.Release|Any CPU.ActiveCfg = Release|Any CPU
		{582FB405-70EE-4CB2-B728-3A1344904581}.Release|Any CPU.Build.0 = Release|Any CPU
		{63F6F434-7BDD-4CE3-B925-5DA982C76769}.Debug|Any CPU.ActiveCfg = Debug|Any CPU
		{63F6F434-7BDD-4CE3-B925-5DA982C76769}.Debug|Any CPU.Build.0 = Debug|Any CPU
		{63F6F434-7BDD-4CE3-B925-5DA982C76769}.Release|Any CPU.ActiveCfg = Release|Any CPU
		{63F6F434-7BDD-4CE3-B925-5DA982C76769}.Release|Any CPU.Build.0 = Release|Any CPU
		{563D5585-EB1F-4801-9D52-5590DD93A3E9}.Debug|Any CPU.ActiveCfg = Debug|Any CPU
		{563D5585-EB1F-4801-9D52-5590DD93A3E9}.Debug|Any CPU.Build.0 = Debug|Any CPU
		{563D5585-EB1F-4801-9D52-5590DD93A3E9}.Release|Any CPU.ActiveCfg = Release|Any CPU
		{563D5585-EB1F-4801-9D52-5590DD93A3E9}.Release|Any CPU.Build.0 = Release|Any CPU
		{B263F0C0-0C84-4E27-9084-BE44A93ACD57}.Debug|Any CPU.ActiveCfg = Debug|Any CPU
		{B263F0C0-0C84-4E27-9084-BE44A93ACD57}.Debug|Any CPU.Build.0 = Debug|Any CPU
		{B263F0C0-0C84-4E27-9084-BE44A93ACD57}.Release|Any CPU.ActiveCfg = Release|Any CPU
		{B263F0C0-0C84-4E27-9084-BE44A93ACD57}.Release|Any CPU.Build.0 = Release|Any CPU
		{81157078-84E8-4886-A31A-F6B32329403F}.Debug|Any CPU.ActiveCfg = Debug|Any CPU
		{81157078-84E8-4886-A31A-F6B32329403F}.Debug|Any CPU.Build.0 = Debug|Any CPU
		{81157078-84E8-4886-A31A-F6B32329403F}.Release|Any CPU.ActiveCfg = Release|Any CPU
		{81157078-84E8-4886-A31A-F6B32329403F}.Release|Any CPU.Build.0 = Release|Any CPU
		{8A59382F-BDEE-4899-97A5-7931169BDF6D}.Debug|Any CPU.ActiveCfg = Debug|Any CPU
		{8A59382F-BDEE-4899-97A5-7931169BDF6D}.Debug|Any CPU.Build.0 = Debug|Any CPU
		{8A59382F-BDEE-4899-97A5-7931169BDF6D}.Release|Any CPU.ActiveCfg = Release|Any CPU
		{8A59382F-BDEE-4899-97A5-7931169BDF6D}.Release|Any CPU.Build.0 = Release|Any CPU
		{9E8DD95B-5554-4B1E-A0A5-0C9CAE0AB820}.Debug|Any CPU.ActiveCfg = Debug|Any CPU
		{9E8DD95B-5554-4B1E-A0A5-0C9CAE0AB820}.Debug|Any CPU.Build.0 = Debug|Any CPU
		{9E8DD95B-5554-4B1E-A0A5-0C9CAE0AB820}.Release|Any CPU.ActiveCfg = Release|Any CPU
		{9E8DD95B-5554-4B1E-A0A5-0C9CAE0AB820}.Release|Any CPU.Build.0 = Release|Any CPU
	EndGlobalSection
	GlobalSection(SolutionProperties) = preSolution
		HideSolutionNode = FALSE
	EndGlobalSection
	GlobalSection(NestedProjects) = preSolution
		{63F6F434-7BDD-4CE3-B925-5DA982C76769} = {E1949B3E-B71B-4CBD-A198-813EBAFC75E0}
		{563D5585-EB1F-4801-9D52-5590DD93A3E9} = {E1949B3E-B71B-4CBD-A198-813EBAFC75E0}
		{B263F0C0-0C84-4E27-9084-BE44A93ACD57} = {E1949B3E-B71B-4CBD-A198-813EBAFC75E0}
		{81157078-84E8-4886-A31A-F6B32329403F} = {48F0D87D-041D-48E1-BD45-EF95BD44CC60}
		{8A59382F-BDEE-4899-97A5-7931169BDF6D} = {48F0D87D-041D-48E1-BD45-EF95BD44CC60}
		{9E8DD95B-5554-4B1E-A0A5-0C9CAE0AB820} = {48F0D87D-041D-48E1-BD45-EF95BD44CC60}
	EndGlobalSection
	GlobalSection(ExtensibilityGlobals) = postSolution
		SolutionGuid = {6030A14F-18FC-4048-9A55-DE60C7B3CE1E}
	EndGlobalSection
EndGlobal
